
Microsoft Visual Studio Solution File, Format Version 12.00
# Visual Studio Version 16
VisualStudioVersion = 16.0.31129.286
MinimumVisualStudioVersion = 10.0.40219.1
Project("{FAE04EC0-301F-11D3-BF4B-00C04F79EFBC}") = "Rekursiya HW1", "Rekursiya HW1\Rekursiya HW1.csproj", "{C9BDBD8D-25AD-412C-AFEC-B9DDEE7AF416}"
EndProject
Global
	GlobalSection(SolutionConfigurationPlatforms) = preSolution
		Debug|Any CPU = Debug|Any CPU
		Release|Any CPU = Release|Any CPU
	EndGlobalSection
	GlobalSection(ProjectConfigurationPlatforms) = postSolution
		{C9BDBD8D-25AD-412C-AFEC-B9DDEE7AF416}.Debug|Any CPU.ActiveCfg = Debug|Any CPU
		{C9BDBD8D-25AD-412C-AFEC-B9DDEE7AF416}.Debug|Any CPU.Build.0 = Debug|Any CPU
		{C9BDBD8D-25AD-412C-AFEC-B9DDEE7AF416}.Release|Any CPU.ActiveCfg = Release|Any CPU
		{C9BDBD8D-25AD-412C-AFEC-B9DDEE7AF416}.Release|Any CPU.Build.0 = Release|Any CPU
	EndGlobalSection
	GlobalSection(SolutionProperties) = preSolution
		HideSolutionNode = FALSE
	EndGlobalSection
	GlobalSection(ExtensibilityGlobals) = postSolution
		SolutionGuid = {B4707AD1-000A-4213-8863-1A190BFE94A8}
	EndGlobalSection
EndGlobal
